<?xml version="1.0" encoding="utf-8"?>
<Project ToolsVersion="4.0" xmlns="http://schemas.microsoft.com/developer/msbuild/2003">
  <ItemGroup>
    <Filter Include="common">
      <UniqueIdentifier>{22921c5c-8fd6-4145-98d0-cc4776ae0bda}</UniqueIdentifier>
    </Filter>
    <Filter Include="dlls">
      <UniqueIdentifier>{2a4a9163-1c63-4198-9ce4-7c0ecf09a87b}</UniqueIdentifier>
    </Filter>
    <Filter Include="engine">
      <UniqueIdentifier>{0654c98c-80a2-435b-a389-d3a7fc63179a}</UniqueIdentifier>
    </Filter>
    <Filter Include="game_shared">
      <UniqueIdentifier>{2596a5f9-1afb-464c-8a56-a5a13888ff50}</UniqueIdentifier>
    </Filter>
    <Filter Include="pm_shared">
      <UniqueIdentifier>{e2e89fb9-0e38-4f80-b571-b47814a37720}</UniqueIdentifier>
    </Filter>
    <Filter Include="public">
      <UniqueIdentifier>{f007df1d-1698-4eca-ac8f-17bff7ecc924}</UniqueIdentifier>
    </Filter>
    <Filter Include="dlls\wpn_shared">
      <UniqueIdentifier>{a9ed2e07-d4d3-4677-87b9-5edb3e430cf9}</UniqueIdentifier>
    </Filter>
    <Filter Include="public\steam">
      <UniqueIdentifier>{71ab1277-a8ea-4cfb-882e-595e73012574}</UniqueIdentifier>
    </Filter>
  </ItemGroup>
  <ItemGroup>
    <ClInclude Include="..\common\net_api.h">
      <Filter>common</Filter>
    </ClInclude>
    <ClInclude Include="..\common\netadr.h">
      <Filter>common</Filter>
    </ClInclude>
    <ClInclude Include="..\common\nowin.h">
      <Filter>common</Filter>
    </ClInclude>
    <ClInclude Include="..\common\parsemsg.h">
      <Filter>common</Filter>
    </ClInclude>
    <ClInclude Include="..\common\particledef.h">
      <Filter>common</Filter>
    </ClInclude>
    <ClInclude Include="..\common\pmtrace.h">
      <Filter>common</Filter>
    </ClInclude>
    <ClInclude Include="..\common\port.h">
      <Filter>common</Filter>
    </ClInclude>
    <ClInclude Include="..\common\qfont.h">
      <Filter>common</Filter>
    </ClInclude>
    <ClInclude Include="..\common\r_efx.h">
      <Filter>common</Filter>
    </ClInclude>
    <ClInclude Include="..\common\r_studioint.h">
      <Filter>common</Filter>
    </ClInclude>
    <ClInclude Include="..\common\ref_params.h">
      <Filter>common</Filter>
    </ClInclude>
    <ClInclude Include="..\common\screenfade.h">
      <Filter>common</Filter>
    </ClInclude>
    <ClInclude Include="..\common\Sequence.h">
      <Filter>common</Filter>
    </ClInclude>
    <ClInclude Include="..\common\studio_event.h">
      <Filter>common</Filter>
    </ClInclude>
    <ClInclude Include="..\common\triangleapi.h">
      <Filter>common</Filter>
    </ClInclude>
    <ClInclude Include="..\common\usercmd.h">
      <Filter>common</Filter>
    </ClInclude>
    <ClInclude Include="..\common\weaponinfo.h">
      <Filter>common</Filter>
    </ClInclude>
    <ClInclude Include="..\common\winsani_in.h">
      <Filter>common</Filter>
    </ClInclude>
    <ClInclude Include="..\common\winsani_out.h">
      <Filter>common</Filter>
    </ClInclude>
    <ClInclude Include="..\common\beamdef.h">
      <Filter>common</Filter>
    </ClInclude>
    <ClInclude Include="..\common\cl_entity.h">
      <Filter>common</Filter>
    </ClInclude>
    <ClInclude Include="..\common\com_model.h">
      <Filter>common</Filter>
    </ClInclude>
    <ClInclude Include="..\common\con_nprint.h">
      <Filter>common</Filter>
    </ClInclude>
    <ClInclude Include="..\common\const.h">
      <Filter>common</Filter>
    </ClInclude>
    <ClInclude Include="..\common\crc.h">
      <Filter>common</Filter>
    </ClInclude>
    <ClInclude Include="..\common\cvardef.h">
      <Filter>common</Filter>
    </ClInclude>
    <ClInclude Include="..\common\demo_api.h">
      <Filter>common</Filter>
    </ClInclude>
    <ClInclude Include="..\common\director_cmds.h">
      <Filter>common</Filter>
    </ClInclude>
    <ClInclude Include="..\common\dlight.h">
      <Filter>common</Filter>
    </ClInclude>
    <ClInclude Include="..\common\dll_state.h">
      <Filter>common</Filter>
    </ClInclude>
    <ClInclude Include="..\common\entity_state.h">
      <Filter>common</Filter>
    </ClInclude>
    <ClInclude Include="..\common\entity_types.h">
      <Filter>common</Filter>
    </ClInclude>
    <ClInclude Include="..\common\enums.h">
      <Filter>common</Filter>
    </ClInclude>
    <ClInclude Include="..\common\event_api.h">
      <Filter>common</Filter>
    </ClInclude>
    <ClInclude Include="..\common\event_args.h">
      <Filter>common</Filter>
    </ClInclude>
    <ClInclude Include="..\common\event_flags.h">
      <Filter>common</Filter>
    </ClInclude>
    <ClInclude Include="..\common\hltv.h">
      <Filter>common</Filter>
    </ClInclude>
    <ClInclude Include="..\common\in_buttons.h">
      <Filter>common</Filter>
    </ClInclude>
    <ClInclude Include="..\common\ivoicetweak.h">
      <Filter>common</Filter>
    </ClInclude>
    <ClInclude Include="..\common\mathlib.h">
      <Filter>common</Filter>
    </ClInclude>
    <ClInclude Include="..\dlls\activity.h">
      <Filter>dlls</Filter>
    </ClInclude>
    <ClInclude Include="..\dlls\activitymap.h">
      <Filter>dlls</Filter>
    </ClInclude>
    <ClInclude Include="..\dlls\animation.h">
      <Filter>dlls</Filter>
    </ClInclude>
    <ClInclude Include="..\dlls\basemonster.h">
      <Filter>dlls</Filter>
    </ClInclude>
    <ClInclude Include="..\dlls\cbase.h">
      <Filter>dlls</Filter>
    </ClInclude>
    <ClInclude Include="..\dlls\cdll_dll.h">
      <Filter>dlls</Filter>
    </ClInclude>
    <ClInclude Include="..\dlls\client.h">
      <Filter>dlls</Filter>
    </ClInclude>
    <ClInclude Include="..\dlls\decals.h">
      <Filter>dlls</Filter>
    </ClInclude>
    <ClInclude Include="..\dlls\defaultai.h">
      <Filter>dlls</Filter>
    </ClInclude>
    <ClInclude Include="..\dlls\doors.h">
      <Filter>dlls</Filter>
    </ClInclude>
    <ClInclude Include="..\dlls\effects.h">
      <Filter>dlls</Filter>
    </ClInclude>
    <ClInclude Include="..\dlls\enginecallback.h">
      <Filter>dlls</Filter>
    </ClInclude>
    <ClInclude Include="..\dlls\explode.h">
      <Filter>dlls</Filter>
    </ClInclude>
    <ClInclude Include="..\dlls\extdll.h">
      <Filter>dlls</Filter>
    </ClInclude>
    <ClInclude Include="..\dlls\flyingmonster.h">
      <Filter>dlls</Filter>
    </ClInclude>
    <ClInclude Include="..\dlls\func_break.h">
      <Filter>dlls</Filter>
    </ClInclude>
    <ClInclude Include="..\dlls\game.h">
      <Filter>dlls</Filter>
    </ClInclude>
    <ClInclude Include="..\dlls\gamerules.h">
      <Filter>dlls</Filter>
    </ClInclude>
    <ClInclude Include="..\dlls\hornet.h">
      <Filter>dlls</Filter>
    </ClInclude>
    <ClInclude Include="..\dlls\items.h">
      <Filter>dlls</Filter>
    </ClInclude>
    <ClInclude Include="..\dlls\maprules.h">
      <Filter>dlls</Filter>
    </ClInclude>
    <ClInclude Include="..\dlls\monsterevent.h">
      <Filter>dlls</Filter>
    </ClInclude>
    <ClInclude Include="..\dlls\monsters.h">
      <Filter>dlls</Filter>
    </ClInclude>
    <ClInclude Include="..\dlls\nodes.h">
      <Filter>dlls</Filter>
    </ClInclude>
    <ClInclude Include="..\dlls\plane.h">
      <Filter>dlls</Filter>
    </ClInclude>
    <ClInclude Include="..\dlls\player.h">
      <Filter>dlls</Filter>
    </ClInclude>
    <ClInclude Include="..\dlls\saverestore.h">
      <Filter>dlls</Filter>
    </ClInclude>
    <ClInclude Include="..\dlls\schedule.h">
      <Filter>dlls</Filter>
    </ClInclude>
    <ClInclude Include="..\dlls\scripted.h">
      <Filter>dlls</Filter>
    </ClInclude>
    <ClInclude Include="..\dlls\scriptevent.h">
      <Filter>dlls</Filter>
    </ClInclude>
    <ClInclude Include="..\dlls\skill.h">
      <Filter>dlls</Filter>
    </ClInclude>
    <ClInclude Include="..\dlls\soundent.h">
      <Filter>dlls</Filter>
    </ClInclude>
    <ClInclude Include="..\dlls\spectator.h">
      <Filter>dlls</Filter>
    </ClInclude>
    <ClInclude Include="..\dlls\squad.h">
      <Filter>dlls</Filter>
    </ClInclude>
    <ClInclude Include="..\dlls\squadmonster.h">
      <Filter>dlls</Filter>
    </ClInclude>
    <ClInclude Include="..\dlls\talkmonster.h">
      <Filter>dlls</Filter>
    </ClInclude>
    <ClInclude Include="..\dlls\teamplay_gamerules.h">
      <Filter>dlls</Filter>
    </ClInclude>
    <ClInclude Include="..\dlls\trains.h">
      <Filter>dlls</Filter>
    </ClInclude>
    <ClInclude Include="..\dlls\util.h">
      <Filter>dlls</Filter>
    </ClInclude>
    <ClInclude Include="..\dlls\vector.h">
      <Filter>dlls</Filter>
    </ClInclude>
    <ClInclude Include="..\dlls\weapons.h">
      <Filter>dlls</Filter>
    </ClInclude>
    <ClInclude Include="..\dlls\wxdebug.h">
      <Filter>dlls</Filter>
    </ClInclude>
    <ClInclude Include="..\engine\edict.h">
      <Filter>engine</Filter>
    </ClInclude>
    <ClInclude Include="..\engine\eiface.h">
      <Filter>engine</Filter>
    </ClInclude>
    <ClInclude Include="..\engine\progdefs.h">
      <Filter>engine</Filter>
    </ClInclude>
    <ClInclude Include="..\engine\progs.h">
      <Filter>engine</Filter>
    </ClInclude>
    <ClInclude Include="..\engine\shake.h">
      <Filter>engine</Filter>
    </ClInclude>
    <ClInclude Include="..\engine\studio.h">
      <Filter>engine</Filter>
    </ClInclude>
    <ClInclude Include="..\engine\anorms.h">
      <Filter>engine</Filter>
    </ClInclude>
    <ClInclude Include="..\engine\APIProxy.h">
      <Filter>engine</Filter>
    </ClInclude>
    <ClInclude Include="..\engine\cdll_int.h">
      <Filter>engine</Filter>
    </ClInclude>
    <ClInclude Include="..\engine\custom.h">
      <Filter>engine</Filter>
    </ClInclude>
    <ClInclude Include="..\engine\customentity.h">
      <Filter>engine</Filter>
    </ClInclude>
    <ClInclude Include="..\game_shared\voice_common.h">
      <Filter>game_shared</Filter>
    </ClInclude>
    <ClInclude Include="..\game_shared\voice_gamemgr.h">
      <Filter>game_shared</Filter>
    </ClInclude>
    <ClInclude Include="..\game_shared\bitvec.h">
      <Filter>game_shared</Filter>
    </ClInclude>
    <ClInclude Include="..\game_shared\GameEvent.h">
      <Filter>game_shared</Filter>
    </ClInclude>
    <ClInclude Include="..\game_shared\perf_counter.h">
      <Filter>game_shared</Filter>
    </ClInclude>
    <ClInclude Include="..\game_shared\shared_util.h">
      <Filter>game_shared</Filter>
    </ClInclude>
    <ClInclude Include="..\game_shared\simple_checksum.h">
      <Filter>game_shared</Filter>
    </ClInclude>
    <ClInclude Include="..\game_shared\steam_util.h">
      <Filter>game_shared</Filter>
    </ClInclude>
    <ClInclude Include="..\pm_shared\pm_movevars.h">
      <Filter>pm_shared</Filter>
    </ClInclude>
    <ClInclude Include="..\pm_shared\pm_shared.h">
      <Filter>pm_shared</Filter>
    </ClInclude>
    <ClInclude Include="..\pm_shared\pm_debug.h">
      <Filter>pm_shared</Filter>
    </ClInclude>
    <ClInclude Include="..\pm_shared\pm_defs.h">
      <Filter>pm_shared</Filter>
    </ClInclude>
    <ClInclude Include="..\pm_shared\pm_info.h">
      <Filter>pm_shared</Filter>
    </ClInclude>
    <ClInclude Include="..\pm_shared\pm_materials.h">
      <Filter>pm_shared</Filter>
    </ClInclude>
    <ClInclude Include="..\public\archtypes.h">
      <Filter>public</Filter>
    </ClInclude>
    <ClInclude Include="..\public\FileSystem.h">
      <Filter>public</Filter>
    </ClInclude>
    <ClInclude Include="..\public\interface.h">
      <Filter>public</Filter>
    </ClInclude>
    <ClInclude Include="..\public\keydefs.h">
      <Filter>public</Filter>
    </ClInclude>
    <ClInclude Include="..\public\particleman.h">
      <Filter>public</Filter>
    </ClInclude>
    <ClInclude Include="..\public\pman_particlemem.h">
      <Filter>public</Filter>
    </ClInclude>
    <ClInclude Include="..\public\pman_triangleffect.h">
      <Filter>public</Filter>
    </ClInclude>
    <ClInclude Include="..\public\steam\steamtypes.h">
      <Filter>public\steam</Filter>
    </ClInclude>
    <ClInclude Include="..\dlls\extdef.h">
      <Filter>dlls</Filter>
    </ClInclude>
  </ItemGroup>
  <ItemGroup>
    <ClCompile Include="..\common\parsemsg.cpp">
      <Filter>common</Filter>
    </ClCompile>
    <ClCompile Include="..\dlls\squeakgrenade.cpp">
      <Filter>dlls</Filter>
    </ClCompile>
    <ClCompile Include="..\dlls\stats.cpp">
      <Filter>dlls</Filter>
    </ClCompile>
    <ClCompile Include="..\dlls\subs.cpp">
      <Filter>dlls</Filter>
    </ClCompile>
    <ClCompile Include="..\dlls\talkmonster.cpp">
      <Filter>dlls</Filter>
    </ClCompile>
    <ClCompile Include="..\dlls\teamplay_gamerules.cpp">
      <Filter>dlls</Filter>
    </ClCompile>
    <ClCompile Include="..\dlls\tempmonster.cpp">
      <Filter>dlls</Filter>
    </ClCompile>
    <ClCompile Include="..\dlls\tentacle.cpp">
      <Filter>dlls</Filter>
    </ClCompile>
    <ClCompile Include="..\dlls\triggers.cpp">
      <Filter>dlls</Filter>
    </ClCompile>
    <ClCompile Include="..\dlls\tripmine.cpp">
      <Filter>dlls</Filter>
    </ClCompile>
    <ClCompile Include="..\dlls\turret.cpp">
      <Filter>dlls</Filter>
    </ClCompile>
    <ClCompile Include="..\dlls\util.cpp">
      <Filter>dlls</Filter>
    </ClCompile>
    <ClCompile Include="..\dlls\weapons.cpp">
      <Filter>dlls</Filter>
    </ClCompile>
    <ClCompile Include="..\dlls\world.cpp">
      <Filter>dlls</Filter>
    </ClCompile>
    <ClCompile Include="..\dlls\Wxdebug.cpp">
      <Filter>dlls</Filter>
    </ClCompile>
    <ClCompile Include="..\dlls\xen.cpp">
      <Filter>dlls</Filter>
    </ClCompile>
    <ClCompile Include="..\dlls\zombie.cpp">
      <Filter>dlls</Filter>
    </ClCompile>
    <ClCompile Include="..\dlls\aflock.cpp">
      <Filter>dlls</Filter>
    </ClCompile>
    <ClCompile Include="..\dlls\agrunt.cpp">
      <Filter>dlls</Filter>
    </ClCompile>
    <ClCompile Include="..\dlls\airtank.cpp">
      <Filter>dlls</Filter>
    </ClCompile>
    <ClCompile Include="..\dlls\animating.cpp">
      <Filter>dlls</Filter>
    </ClCompile>
    <ClCompile Include="..\dlls\animation.cpp">
      <Filter>dlls</Filter>
    </ClCompile>
    <ClCompile Include="..\dlls\apache.cpp">
      <Filter>dlls</Filter>
    </ClCompile>
    <ClCompile Include="..\dlls\barnacle.cpp">
      <Filter>dlls</Filter>
    </ClCompile>
    <ClCompile Include="..\dlls\barney.cpp">
      <Filter>dlls</Filter>
    </ClCompile>
    <ClCompile Include="..\dlls\bigmomma.cpp">
      <Filter>dlls</Filter>
    </ClCompile>
    <ClCompile Include="..\dlls\bloater.cpp">
      <Filter>dlls</Filter>
    </ClCompile>
    <ClCompile Include="..\dlls\bmodels.cpp">
      <Filter>dlls</Filter>
    </ClCompile>
    <ClCompile Include="..\dlls\bullsquid.cpp">
      <Filter>dlls</Filter>
    </ClCompile>
    <ClCompile Include="..\dlls\buttons.cpp">
      <Filter>dlls</Filter>
    </ClCompile>
    <ClCompile Include="..\dlls\cbase.cpp">
      <Filter>dlls</Filter>
    </ClCompile>
    <ClCompile Include="..\dlls\client.cpp">
      <Filter>dlls</Filter>
    </ClCompile>
    <ClCompile Include="..\dlls\combat.cpp">
      <Filter>dlls</Filter>
    </ClCompile>
    <ClCompile Include="..\dlls\controller.cpp">
      <Filter>dlls</Filter>
    </ClCompile>
    <ClCompile Include="..\dlls\crossbow.cpp">
      <Filter>dlls</Filter>
    </ClCompile>
    <ClCompile Include="..\dlls\crowbar.cpp">
      <Filter>dlls</Filter>
    </ClCompile>
    <ClCompile Include="..\dlls\defaultai.cpp">
      <Filter>dlls</Filter>
    </ClCompile>
    <ClCompile Include="..\dlls\doors.cpp">
      <Filter>dlls</Filter>
    </ClCompile>
    <ClCompile Include="..\dlls\effects.cpp">
      <Filter>dlls</Filter>
    </ClCompile>
    <ClCompile Include="..\dlls\egon.cpp">
      <Filter>dlls</Filter>
    </ClCompile>
    <ClCompile Include="..\dlls\explode.cpp">
      <Filter>dlls</Filter>
    </ClCompile>
    <ClCompile Include="..\dlls\flyingmonster.cpp">
      <Filter>dlls</Filter>
    </ClCompile>
    <ClCompile Include="..\dlls\func_break.cpp">
      <Filter>dlls</Filter>
    </ClCompile>
    <ClCompile Include="..\dlls\func_tank.cpp">
      <Filter>dlls</Filter>
    </ClCompile>
    <ClCompile Include="..\dlls\game.cpp">
      <Filter>dlls</Filter>
    </ClCompile>
    <ClCompile Include="..\dlls\gamerules.cpp">
      <Filter>dlls</Filter>
    </ClCompile>
    <ClCompile Include="..\dlls\gargantua.cpp">
      <Filter>dlls</Filter>
    </ClCompile>
    <ClCompile Include="..\dlls\gauss.cpp">
      <Filter>dlls</Filter>
    </ClCompile>
    <ClCompile Include="..\dlls\genericmonster.cpp">
      <Filter>dlls</Filter>
    </ClCompile>
    <ClCompile Include="..\dlls\ggrenade.cpp">
      <Filter>dlls</Filter>
    </ClCompile>
    <ClCompile Include="..\dlls\globals.cpp">
      <Filter>dlls</Filter>
    </ClCompile>
    <ClCompile Include="..\dlls\glock.cpp">
      <Filter>dlls</Filter>
    </ClCompile>
    <ClCompile Include="..\dlls\gman.cpp">
      <Filter>dlls</Filter>
    </ClCompile>
    <ClCompile Include="..\dlls\h_ai.cpp">
      <Filter>dlls</Filter>
    </ClCompile>
    <ClCompile Include="..\dlls\h_battery.cpp">
      <Filter>dlls</Filter>
    </ClCompile>
    <ClCompile Include="..\dlls\h_cine.cpp">
      <Filter>dlls</Filter>
    </ClCompile>
    <ClCompile Include="..\dlls\h_cycler.cpp">
      <Filter>dlls</Filter>
    </ClCompile>
    <ClCompile Include="..\dlls\h_export.cpp">
      <Filter>dlls</Filter>
    </ClCompile>
    <ClCompile Include="..\dlls\handgrenade.cpp">
      <Filter>dlls</Filter>
    </ClCompile>
    <ClCompile Include="..\dlls\hassassin.cpp">
      <Filter>dlls</Filter>
    </ClCompile>
    <ClCompile Include="..\dlls\headcrab.cpp">
      <Filter>dlls</Filter>
    </ClCompile>
    <ClCompile Include="..\dlls\healthkit.cpp">
      <Filter>dlls</Filter>
    </ClCompile>
    <ClCompile Include="..\dlls\hgrunt.cpp">
      <Filter>dlls</Filter>
    </ClCompile>
    <ClCompile Include="..\dlls\hornet.cpp">
      <Filter>dlls</Filter>
    </ClCompile>
    <ClCompile Include="..\dlls\hornetgun.cpp">
      <Filter>dlls</Filter>
    </ClCompile>
    <ClCompile Include="..\dlls\houndeye.cpp">
      <Filter>dlls</Filter>
    </ClCompile>
    <ClCompile Include="..\dlls\ichthyosaur.cpp">
      <Filter>dlls</Filter>
    </ClCompile>
    <ClCompile Include="..\dlls\islave.cpp">
      <Filter>dlls</Filter>
    </ClCompile>
    <ClCompile Include="..\dlls\items.cpp">
      <Filter>dlls</Filter>
    </ClCompile>
    <ClCompile Include="..\dlls\leech.cpp">
      <Filter>dlls</Filter>
    </ClCompile>
    <ClCompile Include="..\dlls\lights.cpp">
      <Filter>dlls</Filter>
    </ClCompile>
    <ClCompile Include="..\dlls\maprules.cpp">
      <Filter>dlls</Filter>
    </ClCompile>
    <ClCompile Include="..\dlls\monstermaker.cpp">
      <Filter>dlls</Filter>
    </ClCompile>
    <ClCompile Include="..\dlls\monsters.cpp">
      <Filter>dlls</Filter>
    </ClCompile>
    <ClCompile Include="..\dlls\monsterstate.cpp">
      <Filter>dlls</Filter>
    </ClCompile>
    <ClCompile Include="..\dlls\mortar.cpp">
      <Filter>dlls</Filter>
    </ClCompile>
    <ClCompile Include="..\dlls\mp5.cpp">
      <Filter>dlls</Filter>
    </ClCompile>
    <ClCompile Include="..\dlls\multiplay_gamerules.cpp">
      <Filter>dlls</Filter>
    </ClCompile>
    <ClCompile Include="..\dlls\nihilanth.cpp">
      <Filter>dlls</Filter>
    </ClCompile>
    <ClCompile Include="..\dlls\nodes.cpp">
      <Filter>dlls</Filter>
    </ClCompile>
    <ClCompile Include="..\dlls\observer.cpp">
      <Filter>dlls</Filter>
    </ClCompile>
    <ClCompile Include="..\dlls\osprey.cpp">
      <Filter>dlls</Filter>
    </ClCompile>
    <ClCompile Include="..\dlls\pathcorner.cpp">
      <Filter>dlls</Filter>
    </ClCompile>
    <ClCompile Include="..\dlls\plane.cpp">
      <Filter>dlls</Filter>
    </ClCompile>
    <ClCompile Include="..\dlls\plats.cpp">
      <Filter>dlls</Filter>
    </ClCompile>
    <ClCompile Include="..\dlls\player.cpp">
      <Filter>dlls</Filter>
    </ClCompile>
    <ClCompile Include="..\dlls\playermonster.cpp">
      <Filter>dlls</Filter>
    </ClCompile>
    <ClCompile Include="..\dlls\python.cpp">
      <Filter>dlls</Filter>
    </ClCompile>
    <ClCompile Include="..\dlls\rat.cpp">
      <Filter>dlls</Filter>
    </ClCompile>
    <ClCompile Include="..\dlls\roach.cpp">
      <Filter>dlls</Filter>
    </ClCompile>
    <ClCompile Include="..\dlls\rpg.cpp">
      <Filter>dlls</Filter>
    </ClCompile>
    <ClCompile Include="..\dlls\satchel.cpp">
      <Filter>dlls</Filter>
    </ClCompile>
    <ClCompile Include="..\dlls\schedule.cpp">
      <Filter>dlls</Filter>
    </ClCompile>
    <ClCompile Include="..\dlls\scientist.cpp">
      <Filter>dlls</Filter>
    </ClCompile>
    <ClCompile Include="..\dlls\scripted.cpp">
      <Filter>dlls</Filter>
    </ClCompile>
    <ClCompile Include="..\dlls\shotgun.cpp">
      <Filter>dlls</Filter>
    </ClCompile>
    <ClCompile Include="..\dlls\singleplay_gamerules.cpp">
      <Filter>dlls</Filter>
    </ClCompile>
    <ClCompile Include="..\dlls\skill.cpp">
      <Filter>dlls</Filter>
    </ClCompile>
    <ClCompile Include="..\dlls\sound.cpp">
      <Filter>dlls</Filter>
    </ClCompile>
    <ClCompile Include="..\dlls\soundent.cpp">
      <Filter>dlls</Filter>
    </ClCompile>
    <ClCompile Include="..\dlls\spectator.cpp">
      <Filter>dlls</Filter>
    </ClCompile>
    <ClCompile Include="..\dlls\squadmonster.cpp">
      <Filter>dlls</Filter>
    </ClCompile>
    <ClCompile Include="..\game_shared\shared_util.cpp">
      <Filter>game_shared</Filter>
    </ClCompile>
    <ClCompile Include="..\game_shared\voice_gamemgr.cpp">
      <Filter>game_shared</Filter>
    </ClCompile>
    <ClCompile Include="..\pm_shared\pm_math.c">
      <Filter>pm_shared</Filter>
    </ClCompile>
    <ClCompile Include="..\pm_shared\pm_shared.c">
      <Filter>pm_shared</Filter>
    </ClCompile>
    <ClCompile Include="..\pm_shared\pm_debug.c">
      <Filter>pm_shared</Filter>
    </ClCompile>
    <ClCompile Include="..\public\interface.cpp">
      <Filter>public</Filter>
    </ClCompile>
  </ItemGroup>
</Project>