
Microsoft Visual Studio Solution File, Format Version 12.00
# Visual Studio Version 16
VisualStudioVersion = 16.0.29409.12
MinimumVisualStudioVersion = 10.0.40219.1
Project("{8BC9CEB8-8B4A-11D0-8D11-00A0C91BC942}") = "ReGameDLL", "..\regamedll\msvc\ReGameDLL.vcxproj", "{20E71BC0-1F63-4130-887F-A6AE30E9457D}"
EndProject
Global
	GlobalSection(SolutionConfigurationPlatforms) = preSolution
		Debug|x86 = Debug|x86
		Release|x86 = Release|x86
	EndGlobalSection
	GlobalSection(ProjectConfigurationPlatforms) = postSolution
		{20E71BC0-1F63-4130-887F-A6AE30E9457D}.Debug|x86.ActiveCfg = Debug|Win32
		{20E71BC0-1F63-4130-887F-A6AE30E9457D}.Debug|x86.Build.0 = Debug|Win32
		{20E71BC0-1F63-4130-887F-A6AE30E9457D}.Release|x86.ActiveCfg = Release|Win32
		{20E71BC0-1F63-4130-887F-A6AE30E9457D}.Release|x86.Build.0 = Release|Win32
	EndGlobalSection
	GlobalSection(SolutionProperties) = preSolution
		HideSolutionNode = FALSE
	EndGlobalSection
	GlobalSection(ExtensibilityGlobals) = postSolution
		SolutionGuid = {E0966060-7E5E-4676-94EC-21784BDBB8AD}
	EndGlobalSection
EndGlobal
